<Solution>
  <Folder Name="/src/">
    <Project Path="src/NicoKaraPrep.App/NicoKaraPrep.App.csproj">
      <Platform Project="x64" />
    </Project>
    <Project Path="src/NicoKaraPrep.Core/NicoKaraPrep.Core.csproj" />
  </Folder>
  <Folder Name="/tests/">
    <Project Path="tests/NicoKaraPrep.Core.Tests/NicoKaraPrep.Core.Tests.csproj" />
  </Folder>
</Solution>
